
Microsoft Visual Studio Solution File, Format Version 12.00
# Visual Studio Version 16
VisualStudioVersion = 16.0.32228.343
MinimumVisualStudioVersion = 10.0.40219.1
Project("{FAE04EC0-301F-11D3-BF4B-00C04F79EFBC}") = "12 work", "12 work\12 work.csproj", "{14A89832-DE37-46AC-BADD-73D4AD03D437}"
EndProject
Global
	GlobalSection(SolutionConfigurationPlatforms) = preSolution
		Debug|Any CPU = Debug|Any CPU
		Release|Any CPU = Release|Any CPU
	EndGlobalSection
	GlobalSection(ProjectConfigurationPlatforms) = postSolution
		{14A89832-DE37-46AC-BADD-73D4AD03D437}.Debug|Any CPU.ActiveCfg = Debug|Any CPU
		{14A89832-DE37-46AC-BADD-73D4AD03D437}.Debug|Any CPU.Build.0 = Debug|Any CPU
		{14A89832-DE37-46AC-BADD-73D4AD03D437}.Release|Any CPU.ActiveCfg = Release|Any CPU
		{14A89832-DE37-46AC-BADD-73D4AD03D437}.Release|Any CPU.Build.0 = Release|Any CPU
	EndGlobalSection
	GlobalSection(SolutionProperties) = preSolution
		HideSolutionNode = FALSE
	EndGlobalSection
	GlobalSection(ExtensibilityGlobals) = postSolution
		SolutionGuid = {3D49BD65-C52C-4A5D-8AD3-0365E765B8E7}
	EndGlobalSection
EndGlobal
